<?xml version="1.0" encoding="utf-8"?>
<Project ToolsVersion="4.0" xmlns="http://schemas.microsoft.com/developer/msbuild/2003">
  <ItemGroup>
    <ClCompile Include="Streamable\Stream.cpp">
      <Filter>Streamable</Filter>
    </ClCompile>
    <ClCompile Include="Streamable\StreamReader.cpp">
      <Filter>Streamable</Filter>
    </ClCompile>
    <ClCompile Include="Streamable\StreamWriter.cpp">
      <Filter>Streamable</Filter>
    </ClCompile>
    <ClCompile Include="Streamable\IStreamable.cpp">
      <Filter>Streamable</Filter>
    </ClCompile>
    <ClCompile Include="Streamable\SizeFinder.cpp">
      <Filter>Streamable</Filter>
    </ClCompile>
    <ClCompile Include="pch.cpp" />
    <ClCompile Include="Streamable\StringBuffer.cpp">
      <Filter>Streamable</Filter>
    </ClCompile>
  </ItemGroup>
  <ItemGroup>
    <ClInclude Include="Streamable\Stream.h">
      <Filter>Streamable</Filter>
    </ClInclude>
    <ClInclude Include="Streamable\StreamWriter.h">
      <Filter>Streamable</Filter>
    </ClInclude>
    <ClInclude Include="Streamable\StreamReader.h">
      <Filter>Streamable</Filter>
    </ClInclude>
    <ClInclude Include="Streamable\IStreamable.h">
      <Filter>Streamable</Filter>
    </ClInclude>
    <ClInclude Include="Streamable\SizeFinder.h">
      <Filter>Streamable</Filter>
    </ClInclude>
    <ClInclude Include="pch.h" />
    <ClInclude Include="Streamable\StringBuffer.h">
      <Filter>Streamable</Filter>
    </ClInclude>
  </ItemGroup>
  <ItemGroup>
    <Filter Include="Streamable">
      <UniqueIdentifier>{022ac4dc-3df2-456a-9c91-30240ed17e64}</UniqueIdentifier>
    </Filter>
  </ItemGroup>
</Project>