<?xml version="1.0" encoding="utf-8"?>
<Project ToolsVersion="4.0" xmlns="http://schemas.microsoft.com/developer/msbuild/2003">
  <ItemGroup>
    <ClCompile Include="Utilities\Converter.cpp">
      <Filter>Utilities</Filter>
    </ClCompile>
    <ClCompile Include="Utilities\Size.cpp">
      <Filter>Utilities</Filter>
    </ClCompile>
    <ClCompile Include="Utilities\SizeFinder.cpp">
      <Filter>Utilities</Filter>
    </ClCompile>
    <ClCompile Include="Utilities\Stream.cpp">
      <Filter>Utilities</Filter>
    </ClCompile>
    <ClCompile Include="Streams\IStreamable.cpp">
      <Filter>Streams</Filter>
    </ClCompile>
    <ClCompile Include="Streams\StreamReader.cpp">
      <Filter>Streams</Filter>
    </ClCompile>
    <ClCompile Include="Streams\StreamWriter.cpp">
      <Filter>Streams</Filter>
    </ClCompile>
    <ClCompile Include="FWD\StreamableFWD.cpp">
      <Filter>FWD</Filter>
    </ClCompile>
    <ClCompile Include="pch.cpp" />
    <ClCompile Include="Main.cpp" />
  </ItemGroup>
  <ItemGroup>
    <Filter Include="Utilities">
      <UniqueIdentifier>{847b9c39-48d1-4c64-9ae4-fa0cdb0aec20}</UniqueIdentifier>
    </Filter>
    <Filter Include="Streams">
      <UniqueIdentifier>{b98aa67e-6b30-45f6-84ca-58b5b282fd68}</UniqueIdentifier>
    </Filter>
    <Filter Include="FWD">
      <UniqueIdentifier>{046e72a2-26ef-41ff-a195-ce09dca7320b}</UniqueIdentifier>
    </Filter>
  </ItemGroup>
  <ItemGroup>
    <ClInclude Include="Utilities\Converter.h">
      <Filter>Utilities</Filter>
    </ClInclude>
    <ClInclude Include="Utilities\Size.h">
      <Filter>Utilities</Filter>
    </ClInclude>
    <ClInclude Include="Utilities\SizeFinder.h">
      <Filter>Utilities</Filter>
    </ClInclude>
    <ClInclude Include="Utilities\Stream.h">
      <Filter>Utilities</Filter>
    </ClInclude>
    <ClInclude Include="Streams\StreamWriter.h">
      <Filter>Streams</Filter>
    </ClInclude>
    <ClInclude Include="Streams\IStreamable.h">
      <Filter>Streams</Filter>
    </ClInclude>
    <ClInclude Include="Streams\StreamReader.h">
      <Filter>Streams</Filter>
    </ClInclude>
    <ClInclude Include="FWD\StreamableFWD.h">
      <Filter>FWD</Filter>
    </ClInclude>
    <ClInclude Include="pch.h" />
  </ItemGroup>
</Project>